// !$*UTF8*$!
{
	archiveVersion = 1;
	classes = {
	};
	objectVersion = 77;
	objects = {

/* Begin PBXBuildFile section */
		3F33C33A2DAD036300FD91F2 /* FirebaseAnalytics in Frameworks */ = {isa = PBXBuildFile; productRef = 3F33C3392DAD036300FD91F2 /* FirebaseAnalytics */; };
		3F33C33C2DAD036300FD91F2 /* FirebaseAnalyticsOnDeviceConversion in Frameworks */ = {isa = PBXBuildFile; productRef = 3F33C33B2DAD036300FD91F2 /* FirebaseAnalyticsOnDeviceConversion */; };
		3F33C33E2DAD036300FD91F2 /* FirebaseAuth in Frameworks */ = {isa = PBXBuildFile; productRef = 3F33C33D2DAD036300FD91F2 /* FirebaseAuth */; };
		3F33C3402DAD036300FD91F2 /* FirebaseAuthCombine-Community in Frameworks */ = {isa = PBXBuildFile; productRef = 3F33C33F2DAD036300FD91F2 /* FirebaseAuthCombine-Community */; };
		3F33C3422DAD036300FD91F2 /* FirebaseCore in Frameworks */ = {isa = PBXBuildFile; productRef = 3F33C3412DAD036300FD91F2 /* FirebaseCore */; };
		3F33C3442DAD036300FD91F2 /* FirebaseDatabase in Frameworks */ = {isa = PBXBuildFile; productRef = 3F33C3432DAD036300FD91F2 /* FirebaseDatabase */; };
		3F33C3462DAD036300FD91F2 /* FirebaseFirestore in Frameworks */ = {isa = PBXBuildFile; productRef = 3F33C3452DAD036300FD91F2 /* FirebaseFirestore */; };
		3F33C3482DAD036300FD91F2 /* FirebaseStorage in Frameworks */ = {isa = PBXBuildFile; productRef = 3F33C3472DAD036300FD91F2 /* FirebaseStorage */; };
/* End PBXBuildFile section */

/* Begin PBXContainerItemProxy section */
		3F93BAEB2DACFAF5000CA21B /* PBXContainerItemProxy */ = {
			isa = PBXContainerItemProxy;
			containerPortal = 3F93BAD22DACFAF4000CA21B /* Project object */;
			proxyType = 1;
			remoteGlobalIDString = 3F93BAD92DACFAF4000CA21B;
			remoteInfo = Falcon;
		};
		3F93BAF52DACFAF5000CA21B /* PBXContainerItemProxy */ = {
			isa = PBXContainerItemProxy;
			containerPortal = 3F93BAD22DACFAF4000CA21B /* Project object */;
			proxyType = 1;
			remoteGlobalIDString = 3F93BAD92DACFAF4000CA21B;
			remoteInfo = Falcon;
		};
/* End PBXContainerItemProxy section */

/* Begin PBXFileReference section */
		3F93BADA2DACFAF4000CA21B /* Falcon.app */ = {isa = PBXFileReference; explicitFileType = wrapper.application; includeInIndex = 0; path = Falcon.app; sourceTree = BUILT_PRODUCTS_DIR; };
		3F93BAEA2DACFAF5000CA21B /* FalconTests.xctest */ = {isa = PBXFileReference; explicitFileType = wrapper.cfbundle; includeInIndex = 0; path = FalconTests.xctest; sourceTree = BUILT_PRODUCTS_DIR; };
		3F93BAF42DACFAF5000CA21B /* FalconUITests.xctest */ = {isa = PBXFileReference; explicitFileType = wrapper.cfbundle; includeInIndex = 0; path = FalconUITests.xctest; sourceTree = BUILT_PRODUCTS_DIR; };
/* End PBXFileReference section */

/* Begin PBXFileSystemSynchronizedRootGroup section */
		3F93BADC2DACFAF4000CA21B /* Falcon */ = {
			isa = PBXFileSystemSynchronizedRootGroup;
			path = Falcon;
			sourceTree = "<group>";
		};
		3F93BAED2DACFAF5000CA21B /* FalconTests */ = {
			isa = PBXFileSystemSynchronizedRootGroup;
			path = FalconTests;
			sourceTree = "<group>";
		};
		3F93BAF72DACFAF5000CA21B /* FalconUITests */ = {
			isa = PBXFileSystemSynchronizedRootGroup;
			path = FalconUITests;
			sourceTree = "<group>";
		};
/* End PBXFileSystemSynchronizedRootGroup section */

/* Begin PBXFrameworksBuildPhase section */
		3F93BAD72DACFAF4000CA21B /* Frameworks */ = {
			isa = PBXFrameworksBuildPhase;
			buildActionMask = 2147483647;
			files = (
				3F33C3442DAD036300FD91F2 /* FirebaseDatabase in Frameworks */,
				3F33C33A2DAD036300FD91F2 /* FirebaseAnalytics in Frameworks */,
				3F33C3422DAD036300FD91F2 /* FirebaseCore in Frameworks */,
				3F33C33E2DAD036300FD91F2 /* FirebaseAuth in Frameworks */,
				3F33C33C2DAD036300FD91F2 /* FirebaseAnalyticsOnDeviceConversion in Frameworks */,
				3F33C3482DAD036300FD91F2 /* FirebaseStorage in Frameworks */,
				3F33C3402DAD036300FD91F2 /* FirebaseAuthCombine-Community in Frameworks */,
				3F33C3462DAD036300FD91F2 /* FirebaseFirestore in Frameworks */,
			);
			runOnlyForDeploymentPostprocessing = 0;
		};
		3F93BAE72DACFAF5000CA21B /* Frameworks */ = {
			isa = PBXFrameworksBuildPhase;
			buildActionMask = 2147483647;
			files = (
			);
			runOnlyForDeploymentPostprocessing = 0;
		};
		3F93BAF12DACFAF5000CA21B /* Frameworks */ = {
			isa = PBXFrameworksBuildPhase;
			buildActionMask = 2147483647;
			files = (
			);
			runOnlyForDeploymentPostprocessing = 0;
		};
/* End PBXFrameworksBuildPhase section */

/* Begin PBXGroup section */
		3F93BAD12DACFAF4000CA21B = {
			isa = PBXGroup;
			children = (
				3F93BADC2DACFAF4000CA21B /* Falcon */,
				3F93BAED2DACFAF5000CA21B /* FalconTests */,
				3F93BAF72DACFAF5000CA21B /* FalconUITests */,
				3F93BADB2DACFAF4000CA21B /* Products */,
			);
			sourceTree = "<group>";
		};
		3F93BADB2DACFAF4000CA21B /* Products */ = {
			isa = PBXGroup;
			children = (
				3F93BADA2DACFAF4000CA21B /* Falcon.app */,
				3F93BAEA2DACFAF5000CA21B /* FalconTests.xctest */,
				3F93BAF42DACFAF5000CA21B /* FalconUITests.xctest */,
			);
			name = Products;
			sourceTree = "<group>";
		};
/* End PBXGroup section */

/* Begin PBXNativeTarget section */
		3F93BAD92DACFAF4000CA21B /* Falcon */ = {
			isa = PBXNativeTarget;
			buildConfigurationList = 3F93BAFE2DACFAF5000CA21B /* Build configuration list for PBXNativeTarget "Falcon" */;
			buildPhases = (
				3F93BAD62DACFAF4000CA21B /* Sources */,
				3F93BAD72DACFAF4000CA21B /* Frameworks */,
				3F93BAD82DACFAF4000CA21B /* Resources */,
			);
			buildRules = (
			);
			dependencies = (
			);
			fileSystemSynchronizedGroups = (
				3F93BADC2DACFAF4000CA21B /* Falcon */,
			);
			name = Falcon;
			packageProductDependencies = (
				3F33C3392DAD036300FD91F2 /* FirebaseAnalytics */,
				3F33C33B2DAD036300FD91F2 /* FirebaseAnalyticsOnDeviceConversion */,
				3F33C33D2DAD036300FD91F2 /* FirebaseAuth */,
				3F33C33F2DAD036300FD91F2 /* FirebaseAuthCombine-Community */,
				3F33C3412DAD036300FD91F2 /* FirebaseCore */,
				3F33C3432DAD036300FD91F2 /* FirebaseDatabase */,
				3F33C3452DAD036300FD91F2 /* FirebaseFirestore */,
				3F33C3472DAD036300FD91F2 /* FirebaseStorage */,
			);
			productName = Falcon;
			productReference = 3F93BADA2DACFAF4000CA21B /* Falcon.app */;
			productType = "com.apple.product-type.application";
		};
		3F93BAE92DACFAF5000CA21B /* FalconTests */ = {
			isa = PBXNativeTarget;
			buildConfigurationList = 3F93BB012DACFAF5000CA21B /* Build configuration list for PBXNativeTarget "FalconTests" */;
			buildPhases = (
				3F93BAE62DACFAF5000CA21B /* Sources */,
				3F93BAE72DACFAF5000CA21B /* Frameworks */,
				3F93BAE82DACFAF5000CA21B /* Resources */,
			);
			buildRules = (
			);
			dependencies = (
				3F93BAEC2DACFAF5000CA21B /* PBXTargetDependency */,
			);
			fileSystemSynchronizedGroups = (
				3F93BAED2DACFAF5000CA21B /* FalconTests */,
			);
			name = FalconTests;
			packageProductDependencies = (
			);
			productName = FalconTests;
			productReference = 3F93BAEA2DACFAF5000CA21B /* FalconTests.xctest */;
			productType = "com.apple.product-type.bundle.unit-test";
		};
		3F93BAF32DACFAF5000CA21B /* FalconUITests */ = {
			isa = PBXNativeTarget;
			buildConfigurationList = 3F93BB042DACFAF5000CA21B /* Build configuration list for PBXNativeTarget "FalconUITests" */;
			buildPhases = (
				3F93BAF02DACFAF5000CA21B /* Sources */,
				3F93BAF12DACFAF5000CA21B /* Frameworks */,
				3F93BAF22DACFAF5000CA21B /* Resources */,
			);
			buildRules = (
			);
			dependencies = (
				3F93BAF62DACFAF5000CA21B /* PBXTargetDependency */,
			);
			fileSystemSynchronizedGroups = (
				3F93BAF72DACFAF5000CA21B /* FalconUITests */,
			);
			name = FalconUITests;
			packageProductDependencies = (
			);
			productName = FalconUITests;
			productReference = 3F93BAF42DACFAF5000CA21B /* FalconUITests.xctest */;
			productType = "com.apple.product-type.bundle.ui-testing";
		};
/* End PBXNativeTarget section */

/* Begin PBXProject section */
		3F93BAD22DACFAF4000CA21B /* Project object */ = {
			isa = PBXProject;
			attributes = {
				BuildIndependentTargetsInParallel = 1;
				LastSwiftUpdateCheck = 1620;
				LastUpgradeCheck = 1620;
				TargetAttributes = {
					3F93BAD92DACFAF4000CA21B = {
						CreatedOnToolsVersion = 16.2;
					};
					3F93BAE92DACFAF5000CA21B = {
						CreatedOnToolsVersion = 16.2;
						TestTargetID = 3F93BAD92DACFAF4000CA21B;
					};
					3F93BAF32DACFAF5000CA21B = {
						CreatedOnToolsVersion = 16.2;
						TestTargetID = 3F93BAD92DACFAF4000CA21B;
					};
				};
			};
			buildConfigurationList = 3F93BAD52DACFAF4000CA21B /* Build configuration list for PBXProject "Falcon" */;
			developmentRegion = en;
			hasScannedForEncodings = 0;
			knownRegions = (
				en,
				Base,
			);
			mainGroup = 3F93BAD12DACFAF4000CA21B;
			minimizedProjectReferenceProxies = 1;
			packageReferences = (
				3F33C3382DAD036300FD91F2 /* XCRemoteSwiftPackageReference "firebase-ios-sdk" */,
			);
			preferredProjectObjectVersion = 77;
			productRefGroup = 3F93BADB2DACFAF4000CA21B /* Products */;
			projectDirPath = "";
			projectRoot = "";
			targets = (
				3F93BAD92DACFAF4000CA21B /* Falcon */,
				3F93BAE92DACFAF5000CA21B /* FalconTests */,
				3F93BAF32DACFAF5000CA21B /* FalconUITests */,
			);
		};
/* End PBXProject section */

/* Begin PBXResourcesBuildPhase section */
		3F93BAD82DACFAF4000CA21B /* Resources */ = {
			isa = PBXResourcesBuildPhase;
			buildActionMask = 2147483647;
			files = (
			);
			runOnlyForDeploymentPostprocessing = 0;
		};
		3F93BAE82DACFAF5000CA21B /* Resources */ = {
			isa = PBXResourcesBuildPhase;
			buildActionMask = 2147483647;
			files = (
			);
			runOnlyForDeploymentPostprocessing = 0;
		};
		3F93BAF22DACFAF5000CA21B /* Resources */ = {
			isa = PBXResourcesBuildPhase;
			buildActionMask = 2147483647;
			files = (
			);
			runOnlyForDeploymentPostprocessing = 0;
		};
/* End PBXResourcesBuildPhase section */

/* Begin PBXSourcesBuildPhase section */
		3F93BAD62DACFAF4000CA21B /* Sources */ = {
			isa = PBXSourcesBuildPhase;
			buildActionMask = 2147483647;
			files = (
			);
			runOnlyForDeploymentPostprocessing = 0;
		};
		3F93BAE62DACFAF5000CA21B /* Sources */ = {
			isa = PBXSourcesBuildPhase;
			buildActionMask = 2147483647;
			files = (
			);
			runOnlyForDeploymentPostprocessing = 0;
		};
		3F93BAF02DACFAF5000CA21B /* Sources */ = {
			isa = PBXSourcesBuildPhase;
			buildActionMask = 2147483647;
			files = (
			);
			runOnlyForDeploymentPostprocessing = 0;
		};
/* End PBXSourcesBuildPhase section */

/* Begin PBXTargetDependency section */
		3F93BAEC2DACFAF5000CA21B /* PBXTargetDependency */ = {
			isa = PBXTargetDependency;
			target = 3F93BAD92DACFAF4000CA21B /* Falcon */;
			targetProxy = 3F93BAEB2DACFAF5000CA21B /* PBXContainerItemProxy */;
		};
		3F93BAF62DACFAF5000CA21B /* PBXTargetDependency */ = {
			isa = PBXTargetDependency;
			target = 3F93BAD92DACFAF4000CA21B /* Falcon */;
			targetProxy = 3F93BAF52DACFAF5000CA21B /* PBXContainerItemProxy */;
		};
/* End PBXTargetDependency section */

/* Begin XCBuildConfiguration section */
		3F93BAFC2DACFAF5000CA21B /* Debug */ = {
			isa = XCBuildConfiguration;
			buildSettings = {
				ALWAYS_SEARCH_USER_PATHS = NO;
				ASSETCATALOG_COMPILER_GENERATE_SWIFT_ASSET_SYMBOL_EXTENSIONS = YES;
				CLANG_ANALYZER_NONNULL = YES;
				CLANG_ANALYZER_NUMBER_OBJECT_CONVERSION = YES_AGGRESSIVE;
				CLANG_CXX_LANGUAGE_STANDARD = "gnu++20";
				CLANG_ENABLE_MODULES = YES;
				CLANG_ENABLE_OBJC_ARC = YES;
				CLANG_ENABLE_OBJC_WEAK = YES;
				CLANG_WARN_BLOCK_CAPTURE_AUTORELEASING = YES;
				CLANG_WARN_BOOL_CONVERSION = YES;
				CLANG_WARN_COMMA = YES;
				CLANG_WARN_CONSTANT_CONVERSION = YES;
				CLANG_WARN_DEPRECATED_OBJC_IMPLEMENTATIONS = YES;
				CLANG_WARN_DIRECT_OBJC_ISA_USAGE = YES_ERROR;
				CLANG_WARN_DOCUMENTATION_COMMENTS = YES;
				CLANG_WARN_EMPTY_BODY = YES;
				CLANG_WARN_ENUM_CONVERSION = YES;
				CLANG_WARN_INFINITE_RECURSION = YES;
				CLANG_WARN_INT_CONVERSION = YES;
				CLANG_WARN_NON_LITERAL_NULL_CONVERSION = YES;
				CLANG_WARN_OBJC_IMPLICIT_RETAIN_SELF = YES;
				CLANG_WARN_OBJC_LITERAL_CONVERSION = YES;
				CLANG_WARN_OBJC_ROOT_CLASS = YES_ERROR;
				CLANG_WARN_QUOTED_INCLUDE_IN_FRAMEWORK_HEADER = YES;
				CLANG_WARN_RANGE_LOOP_ANALYSIS = YES;
				CLANG_WARN_STRICT_PROTOTYPES = YES;
				CLANG_WARN_SUSPICIOUS_MOVE = YES;
				CLANG_WARN_UNGUARDED_AVAILABILITY = YES_AGGRESSIVE;
				CLANG_WARN_UNREACHABLE_CODE = YES;
				CLANG_WARN__DUPLICATE_METHOD_MATCH = YES;
				COPY_PHASE_STRIP = NO;
				DEBUG_INFORMATION_FORMAT = dwarf;
				ENABLE_STRICT_OBJC_MSGSEND = YES;
				ENABLE_TESTABILITY = YES;
				ENABLE_USER_SCRIPT_SANDBOXING = YES;
				GCC_C_LANGUAGE_STANDARD = gnu17;
				GCC_DYNAMIC_NO_PIC = NO;
				GCC_NO_COMMON_BLOCKS = YES;
				GCC_OPTIMIZATION_LEVEL = 0;
				GCC_PREPROCESSOR_DEFINITIONS = (
					"DEBUG=1",
					"$(inherited)",
				);
				GCC_WARN_64_TO_32_BIT_CONVERSION = YES;
				GCC_WARN_ABOUT_RETURN_TYPE = YES_ERROR;
				GCC_WARN_UNDECLARED_SELECTOR = YES;
				GCC_WARN_UNINITIALIZED_AUTOS = YES_AGGRESSIVE;
				GCC_WARN_UNUSED_FUNCTION = YES;
				GCC_WARN_UNUSED_VARIABLE = YES;
				IPHONEOS_DEPLOYMENT_TARGET = 18.2;
				LOCALIZATION_PREFERS_STRING_CATALOGS = YES;
				MTL_ENABLE_DEBUG_INFO = INCLUDE_SOURCE;
				MTL_FAST_MATH = YES;
				ONLY_ACTIVE_ARCH = YES;
				SDKROOT = iphoneos;
				SWIFT_ACTIVE_COMPILATION_CONDITIONS = "DEBUG $(inherited)";
				SWIFT_OPTIMIZATION_LEVEL = "-Onone";
			};
			name = Debug;
		};
		3F93BAFD2DACFAF5000CA21B /* Release */ = {
			isa = XCBuildConfiguration;
			buildSettings = {
				ALWAYS_SEARCH_USER_PATHS = NO;
				ASSETCATALOG_COMPILER_GENERATE_SWIFT_ASSET_SYMBOL_EXTENSIONS = YES;
				CLANG_ANALYZER_NONNULL = YES;
				CLANG_ANALYZER_NUMBER_OBJECT_CONVERSION = YES_AGGRESSIVE;
				CLANG_CXX_LANGUAGE_STANDARD = "gnu++20";
				CLANG_ENABLE_MODULES = YES;
				CLANG_ENABLE_OBJC_ARC = YES;
				CLANG_ENABLE_OBJC_WEAK = YES;
				CLANG_WARN_BLOCK_CAPTURE_AUTORELEASING = YES;
				CLANG_WARN_BOOL_CONVERSION = YES;
				CLANG_WARN_COMMA = YES;
				CLANG_WARN_CONSTANT_CONVERSION = YES;
				CLANG_WARN_DEPRECATED_OBJC_IMPLEMENTATIONS = YES;
				CLANG_WARN_DIRECT_OBJC_ISA_USAGE = YES_ERROR;
				CLANG_WARN_DOCUMENTATION_COMMENTS = YES;
				CLANG_WARN_EMPTY_BODY = YES;
				CLANG_WARN_ENUM_CONVERSION = YES;
				CLANG_WARN_INFINITE_RECURSION = YES;
				CLANG_WARN_INT_CONVERSION = YES;
				CLANG_WARN_NON_LITERAL_NULL_CONVERSION = YES;
				CLANG_WARN_OBJC_IMPLICIT_RETAIN_SELF = YES;
				CLANG_WARN_OBJC_LITERAL_CONVERSION = YES;
				CLANG_WARN_OBJC_ROOT_CLASS = YES_ERROR;
				CLANG_WARN_QUOTED_INCLUDE_IN_FRAMEWORK_HEADER = YES;
				CLANG_WARN_RANGE_LOOP_ANALYSIS = YES;
				CLANG_WARN_STRICT_PROTOTYPES = YES;
				CLANG_WARN_SUSPICIOUS_MOVE = YES;
				CLANG_WARN_UNGUARDED_AVAILABILITY = YES_AGGRESSIVE;
				CLANG_WARN_UNREACHABLE_CODE = YES;
				CLANG_WARN__DUPLICATE_METHOD_MATCH = YES;
				COPY_PHASE_STRIP = NO;
				DEBUG_INFORMATION_FORMAT = "dwarf-with-dsym";
				ENABLE_NS_ASSERTIONS = NO;
				ENABLE_STRICT_OBJC_MSGSEND = YES;
				ENABLE_USER_SCRIPT_SANDBOXING = YES;
				GCC_C_LANGUAGE_STANDARD = gnu17;
				GCC_NO_COMMON_BLOCKS = YES;
				GCC_WARN_64_TO_32_BIT_CONVERSION = YES;
				GCC_WARN_ABOUT_RETURN_TYPE = YES_ERROR;
				GCC_WARN_UNDECLARED_SELECTOR = YES;
				GCC_WARN_UNINITIALIZED_AUTOS = YES_AGGRESSIVE;
				GCC_WARN_UNUSED_FUNCTION = YES;
				GCC_WARN_UNUSED_VARIABLE = YES;
				IPHONEOS_DEPLOYMENT_TARGET = 18.2;
				LOCALIZATION_PREFERS_STRING_CATALOGS = YES;
				MTL_ENABLE_DEBUG_INFO = NO;
				MTL_FAST_MATH = YES;
				SDKROOT = iphoneos;
				SWIFT_COMPILATION_MODE = wholemodule;
				VALIDATE_PRODUCT = YES;
			};
			name = Release;
		};
		3F93BAFF2DACFAF5000CA21B /* Debug */ = {
			isa = XCBuildConfiguration;
			buildSettings = {
				ASSETCATALOG_COMPILER_APPICON_NAME = AppIcon;
				ASSETCATALOG_COMPILER_GLOBAL_ACCENT_COLOR_NAME = AccentColor;
				CODE_SIGN_STYLE = Automatic;
				CURRENT_PROJECT_VERSION = 1;
				DEVELOPMENT_ASSET_PATHS = "\"Falcon/Preview Content\"";
				DEVELOPMENT_TEAM = AWZ2VFDQ7Q;
				ENABLE_PREVIEWS = YES;
				GENERATE_INFOPLIST_FILE = YES;
				INFOPLIST_KEY_UIApplicationSceneManifest_Generation = YES;
				INFOPLIST_KEY_UIApplicationSupportsIndirectInputEvents = YES;
				INFOPLIST_KEY_UILaunchScreen_Generation = YES;
				INFOPLIST_KEY_UISupportedInterfaceOrientations_iPad = "UIInterfaceOrientationPortrait UIInterfaceOrientationPortraitUpsideDown UIInterfaceOrientationLandscapeLeft UIInterfaceOrientationLandscapeRight";
				INFOPLIST_KEY_UISupportedInterfaceOrientations_iPhone = "UIInterfaceOrientationPortrait UIInterfaceOrientationLandscapeLeft UIInterfaceOrientationLandscapeRight";
				LD_RUNPATH_SEARCH_PATHS = (
					"$(inherited)",
					"@executable_path/Frameworks",
				);
				MARKETING_VERSION = 1.0;
				PRODUCT_BUNDLE_IDENTIFIER = NaCl.Falcon;
				PRODUCT_NAME = "$(TARGET_NAME)";
				SWIFT_EMIT_LOC_STRINGS = YES;
				SWIFT_VERSION = 5.0;
				TARGETED_DEVICE_FAMILY = "1,2";
			};
			name = Debug;
		};
		3F93BB002DACFAF5000CA21B /* Release */ = {
			isa = XCBuildConfiguration;
			buildSettings = {
				ASSETCATALOG_COMPILER_APPICON_NAME = AppIcon;
				ASSETCATALOG_COMPILER_GLOBAL_ACCENT_COLOR_NAME = AccentColor;
				CODE_SIGN_STYLE = Automatic;
				CURRENT_PROJECT_VERSION = 1;
				DEVELOPMENT_ASSET_PATHS = "\"Falcon/Preview Content\"";
				DEVELOPMENT_TEAM = AWZ2VFDQ7Q;
				ENABLE_PREVIEWS = YES;
				GENERATE_INFOPLIST_FILE = YES;
				INFOPLIST_KEY_UIApplicationSceneManifest_Generation = YES;
				INFOPLIST_KEY_UIApplicationSupportsIndirectInputEvents = YES;
				INFOPLIST_KEY_UILaunchScreen_Generation = YES;
				INFOPLIST_KEY_UISupportedInterfaceOrientations_iPad = "UIInterfaceOrientationPortrait UIInterfaceOrientationPortraitUpsideDown UIInterfaceOrientationLandscapeLeft UIInterfaceOrientationLandscapeRight";
				INFOPLIST_KEY_UISupportedInterfaceOrientations_iPhone = "UIInterfaceOrientationPortrait UIInterfaceOrientationLandscapeLeft UIInterfaceOrientationLandscapeRight";
				LD_RUNPATH_SEARCH_PATHS = (
					"$(inherited)",
					"@executable_path/Frameworks",
				);
				MARKETING_VERSION = 1.0;
				PRODUCT_BUNDLE_IDENTIFIER = NaCl.Falcon;
				PRODUCT_NAME = "$(TARGET_NAME)";
				SWIFT_EMIT_LOC_STRINGS = YES;
				SWIFT_VERSION = 5.0;
				TARGETED_DEVICE_FAMILY = "1,2";
			};
			name = Release;
		};
		3F93BB022DACFAF5000CA21B /* Debug */ = {
			isa = XCBuildConfiguration;
			buildSettings = {
				BUNDLE_LOADER = "$(TEST_HOST)";
				CODE_SIGN_STYLE = Automatic;
				CURRENT_PROJECT_VERSION = 1;
				DEVELOPMENT_TEAM = AWZ2VFDQ7Q;
				GENERATE_INFOPLIST_FILE = YES;
				IPHONEOS_DEPLOYMENT_TARGET = 18.2;
				MARKETING_VERSION = 1.0;
				PRODUCT_BUNDLE_IDENTIFIER = NaCl.FalconTests;
				PRODUCT_NAME = "$(TARGET_NAME)";
				SWIFT_EMIT_LOC_STRINGS = NO;
				SWIFT_VERSION = 5.0;
				TARGETED_DEVICE_FAMILY = "1,2";
				TEST_HOST = "$(BUILT_PRODUCTS_DIR)/Falcon.app/$(BUNDLE_EXECUTABLE_FOLDER_PATH)/Falcon";
			};
			name = Debug;
		};
		3F93BB032DACFAF5000CA21B /* Release */ = {
			isa = XCBuildConfiguration;
			buildSettings = {
				BUNDLE_LOADER = "$(TEST_HOST)";
				CODE_SIGN_STYLE = Automatic;
				CURRENT_PROJECT_VERSION = 1;
				DEVELOPMENT_TEAM = AWZ2VFDQ7Q;
				GENERATE_INFOPLIST_FILE = YES;
				IPHONEOS_DEPLOYMENT_TARGET = 18.2;
				MARKETING_VERSION = 1.0;
				PRODUCT_BUNDLE_IDENTIFIER = NaCl.FalconTests;
				PRODUCT_NAME = "$(TARGET_NAME)";
				SWIFT_EMIT_LOC_STRINGS = NO;
				SWIFT_VERSION = 5.0;
				TARGETED_DEVICE_FAMILY = "1,2";
				TEST_HOST = "$(BUILT_PRODUCTS_DIR)/Falcon.app/$(BUNDLE_EXECUTABLE_FOLDER_PATH)/Falcon";
			};
			name = Release;
		};
		3F93BB052DACFAF5000CA21B /* Debug */ = {
			isa = XCBuildConfiguration;
			buildSettings = {
				CODE_SIGN_STYLE = Automatic;
				CURRENT_PROJECT_VERSION = 1;
				DEVELOPMENT_TEAM = AWZ2VFDQ7Q;
				GENERATE_INFOPLIST_FILE = YES;
				MARKETING_VERSION = 1.0;
				PRODUCT_BUNDLE_IDENTIFIER = NaCl.FalconUITests;
				PRODUCT_NAME = "$(TARGET_NAME)";
				SWIFT_EMIT_LOC_STRINGS = NO;
				SWIFT_VERSION = 5.0;
				TARGETED_DEVICE_FAMILY = "1,2";
				TEST_TARGET_NAME = Falcon;
			};
			name = Debug;
		};
		3F93BB062DACFAF5000CA21B /* Release */ = {
			isa = XCBuildConfiguration;
			buildSettings = {
				CODE_SIGN_STYLE = Automatic;
				CURRENT_PROJECT_VERSION = 1;
				DEVELOPMENT_TEAM = AWZ2VFDQ7Q;
				GENERATE_INFOPLIST_FILE = YES;
				MARKETING_VERSION = 1.0;
				PRODUCT_BUNDLE_IDENTIFIER = NaCl.FalconUITests;
				PRODUCT_NAME = "$(TARGET_NAME)";
				SWIFT_EMIT_LOC_STRINGS = NO;
				SWIFT_VERSION = 5.0;
				TARGETED_DEVICE_FAMILY = "1,2";
				TEST_TARGET_NAME = Falcon;
			};
			name = Release;
		};
/* End XCBuildConfiguration section */

/* Begin XCConfigurationList section */
		3F93BAD52DACFAF4000CA21B /* Build configuration list for PBXProject "Falcon" */ = {
			isa = XCConfigurationList;
			buildConfigurations = (
				3F93BAFC2DACFAF5000CA21B /* Debug */,
				3F93BAFD2DACFAF5000CA21B /* Release */,
			);
			defaultConfigurationIsVisible = 0;
			defaultConfigurationName = Release;
		};
		3F93BAFE2DACFAF5000CA21B /* Build configuration list for PBXNativeTarget "Falcon" */ = {
			isa = XCConfigurationList;
			buildConfigurations = (
				3F93BAFF2DACFAF5000CA21B /* Debug */,
				3F93BB002DACFAF5000CA21B /* Release */,
			);
			defaultConfigurationIsVisible = 0;
			defaultConfigurationName = Release;
		};
		3F93BB012DACFAF5000CA21B /* Build configuration list for PBXNativeTarget "FalconTests" */ = {
			isa = XCConfigurationList;
			buildConfigurations = (
				3F93BB022DACFAF5000CA21B /* Debug */,
				3F93BB032DACFAF5000CA21B /* Release */,
			);
			defaultConfigurationIsVisible = 0;
			defaultConfigurationName = Release;
		};
		3F93BB042DACFAF5000CA21B /* Build configuration list for PBXNativeTarget "FalconUITests" */ = {
			isa = XCConfigurationList;
			buildConfigurations = (
				3F93BB052DACFAF5000CA21B /* Debug */,
				3F93BB062DACFAF5000CA21B /* Release */,
			);
			defaultConfigurationIsVisible = 0;
			defaultConfigurationName = Release;
		};
/* End XCConfigurationList section */

/* Begin XCRemoteSwiftPackageReference section */
		3F33C3382DAD036300FD91F2 /* XCRemoteSwiftPackageReference "firebase-ios-sdk" */ = {
			isa = XCRemoteSwiftPackageReference;
			repositoryURL = "https://github.com/firebase/firebase-ios-sdk";
			requirement = {
				kind = upToNextMajorVersion;
				minimumVersion = 11.11.0;
			};
		};
/* End XCRemoteSwiftPackageReference section */

/* Begin XCSwiftPackageProductDependency section */
		3F33C3392DAD036300FD91F2 /* FirebaseAnalytics */ = {
			isa = XCSwiftPackageProductDependency;
			package = 3F33C3382DAD036300FD91F2 /* XCRemoteSwiftPackageReference "firebase-ios-sdk" */;
			productName = FirebaseAnalytics;
		};
		3F33C33B2DAD036300FD91F2 /* FirebaseAnalyticsOnDeviceConversion */ = {
			isa = XCSwiftPackageProductDependency;
			package = 3F33C3382DAD036300FD91F2 /* XCRemoteSwiftPackageReference "firebase-ios-sdk" */;
			productName = FirebaseAnalyticsOnDeviceConversion;
		};
		3F33C33D2DAD036300FD91F2 /* FirebaseAuth */ = {
			isa = XCSwiftPackageProductDependency;
			package = 3F33C3382DAD036300FD91F2 /* XCRemoteSwiftPackageReference "firebase-ios-sdk" */;
			productName = FirebaseAuth;
		};
		3F33C33F2DAD036300FD91F2 /* FirebaseAuthCombine-Community */ = {
			isa = XCSwiftPackageProductDependency;
			package = 3F33C3382DAD036300FD91F2 /* XCRemoteSwiftPackageReference "firebase-ios-sdk" */;
			productName = "FirebaseAuthCombine-Community";
		};
		3F33C3412DAD036300FD91F2 /* FirebaseCore */ = {
			isa = XCSwiftPackageProductDependency;
			package = 3F33C3382DAD036300FD91F2 /* XCRemoteSwiftPackageReference "firebase-ios-sdk" */;
			productName = FirebaseCore;
		};
		3F33C3432DAD036300FD91F2 /* FirebaseDatabase */ = {
			isa = XCSwiftPackageProductDependency;
			package = 3F33C3382DAD036300FD91F2 /* XCRemoteSwiftPackageReference "firebase-ios-sdk" */;
			productName = FirebaseDatabase;
		};
		3F33C3452DAD036300FD91F2 /* FirebaseFirestore */ = {
			isa = XCSwiftPackageProductDependency;
			package = 3F33C3382DAD036300FD91F2 /* XCRemoteSwiftPackageReference "firebase-ios-sdk" */;
			productName = FirebaseFirestore;
		};
		3F33C3472DAD036300FD91F2 /* FirebaseStorage */ = {
			isa = XCSwiftPackageProductDependency;
			package = 3F33C3382DAD036300FD91F2 /* XCRemoteSwiftPackageReference "firebase-ios-sdk" */;
			productName = FirebaseStorage;
		};
/* End XCSwiftPackageProductDependency section */
	};
	rootObject = 3F93BAD22DACFAF4000CA21B /* Project object */;
}
